Microsoft Visual Studio Solution File, Format Version 12.00
# Visual Studio 2012
Project("{FAE04EC0-301F-11D3-BF4B-00C04F79EFBC}") = "prototype", "prototype.csproj", "{08540F2B-8D7F-4FB3-81BA-03BBBA673303}"
EndProject
Global
	GlobalSection(SolutionConfigurationPlatforms) = preSolution
	Debug|Any CPU = Debug|Any CPU
	ExportDebug|Any CPU = ExportDebug|Any CPU
	ExportRelease|Any CPU = ExportRelease|Any CPU
	EndGlobalSection
	GlobalSection(ProjectConfigurationPlatforms) = postSolution
		{08540F2B-8D7F-4FB3-81BA-03BBBA673303}.Debug|Any CPU.ActiveCfg = Debug|Any CPU
		{08540F2B-8D7F-4FB3-81BA-03BBBA673303}.Debug|Any CPU.Build.0 = Debug|Any CPU
		{08540F2B-8D7F-4FB3-81BA-03BBBA673303}.ExportDebug|Any CPU.ActiveCfg = ExportDebug|Any CPU
		{08540F2B-8D7F-4FB3-81BA-03BBBA673303}.ExportDebug|Any CPU.Build.0 = ExportDebug|Any CPU
		{08540F2B-8D7F-4FB3-81BA-03BBBA673303}.ExportRelease|Any CPU.ActiveCfg = ExportRelease|Any CPU
		{08540F2B-8D7F-4FB3-81BA-03BBBA673303}.ExportRelease|Any CPU.Build.0 = ExportRelease|Any CPU
	EndGlobalSection
EndGlobal
